// !$*UTF8*$!
{
	archiveVersion = 1;
	classes = {
	};
	objectVersion = 52;
	objects = {

/* Begin PBXBuildFile section */
		4C4454CB254CBB2700AA5C87 /* GameCoreTests.swift in Sources */ = {isa = PBXBuildFile; fileRef = 4C4454CA254CBB2700AA5C87 /* GameCoreTests.swift */; };
		4C8484A02555F35900FBDEC2 /* ConfigurationCore.swift in Sources */ = {isa = PBXBuildFile; fileRef = 4C84849F2555F35900FBDEC2 /* ConfigurationCore.swift */; };
		4C8484A52555F45A00FBDEC2 /* ConfigurationCoreTests.swift in Sources */ = {isa = PBXBuildFile; fileRef = 4C8484A42555F45A00FBDEC2 /* ConfigurationCoreTests.swift */; };
		4C86574D2551FAB30040EA04 /* RenaudJennyAboutView in Frameworks */ = {isa = PBXBuildFile; productRef = 4C86574C2551FAB30040EA04 /* RenaudJennyAboutView */; };
		4C8DF3FC253B30D700F2DE7C /* MemoArtApp.swift in Sources */ = {isa = PBXBuildFile; fileRef = 4C8DF3FB253B30D700F2DE7C /* MemoArtApp.swift */; };
		4C8DF3FE253B30D700F2DE7C /* ContentView.swift in Sources */ = {isa = PBXBuildFile; fileRef = 4C8DF3FD253B30D700F2DE7C /* ContentView.swift */; };
		4C8DF400253B30DB00F2DE7C /* Assets.xcassets in Resources */ = {isa = PBXBuildFile; fileRef = 4C8DF3FF253B30DB00F2DE7C /* Assets.xcassets */; };
		4C8DF403253B30DB00F2DE7C /* Preview Assets.xcassets in Resources */ = {isa = PBXBuildFile; fileRef = 4C8DF402253B30DB00F2DE7C /* Preview Assets.xcassets */; };
		4C8DF40E253B30DC00F2DE7C /* AppCoreTests.swift in Sources */ = {isa = PBXBuildFile; fileRef = 4C8DF40D253B30DC00F2DE7C /* AppCoreTests.swift */; };
		4C8DF42A253C520F00F2DE7C /* CardView.swift in Sources */ = {isa = PBXBuildFile; fileRef = 4C8DF429253C520F00F2DE7C /* CardView.swift */; };
		4C8DF430253C59CA00F2DE7C /* ComposableArchitecture in Frameworks */ = {isa = PBXBuildFile; productRef = 4C8DF42F253C59CA00F2DE7C /* ComposableArchitecture */; };
		4C8DF435253C5B0A00F2DE7C /* GameCore.swift in Sources */ = {isa = PBXBuildFile; fileRef = 4C8DF434253C5B0A00F2DE7C /* GameCore.swift */; };
		4C8DF43A253C5B2900F2DE7C /* AppCore.swift in Sources */ = {isa = PBXBuildFile; fileRef = 4C8DF439253C5B2900F2DE7C /* AppCore.swift */; };
		4C8DF43F253C5B9900F2DE7C /* Symbol.swift in Sources */ = {isa = PBXBuildFile; fileRef = 4C8DF43E253C5B9900F2DE7C /* Symbol.swift */; };
		4CC92F4B25458A8600DAC4AB /* NewHighScoreView.swift in Sources */ = {isa = PBXBuildFile; fileRef = 4CC92F4A25458A8600DAC4AB /* NewHighScoreView.swift */; };
		4CC92F5A2545E5C600DAC4AB /* AddCardStyle.swift in Sources */ = {isa = PBXBuildFile; fileRef = 4CC92F592545E5C600DAC4AB /* AddCardStyle.swift */; };
		4CC92F6E2548BB2300DAC4AB /* ReversedScrollView.swift in Sources */ = {isa = PBXBuildFile; fileRef = 4CC92F6D2548BB2300DAC4AB /* ReversedScrollView.swift */; };
		4CD0E1EC2542A0B500A1E0FD /* HighScore.swift in Sources */ = {isa = PBXBuildFile; fileRef = 4CD0E1EB2542A0B400A1E0FD /* HighScore.swift */; };
		4CD0E1F12542A1D200A1E0FD /* HighScoresView.swift in Sources */ = {isa = PBXBuildFile; fileRef = 4CD0E1F02542A1D200A1E0FD /* HighScoresView.swift */; };
		4CD0E1F62542A29900A1E0FD /* HighScoresCore.swift in Sources */ = {isa = PBXBuildFile; fileRef = 4CD0E1F52542A29900A1E0FD /* HighScoresCore.swift */; };
		4CD0E1FC2542A74D00A1E0FD /* HighScoresCoreTests.swift in Sources */ = {isa = PBXBuildFile; fileRef = 4CD0E1FB2542A74D00A1E0FD /* HighScoresCoreTests.swift */; };
/* End PBXBuildFile section */

/* Begin PBXContainerItemProxy section */
		4C8DF40A253B30DC00F2DE7C /* PBXContainerItemProxy */ = {
			isa = PBXContainerItemProxy;
			containerPortal = 4C8DF3F0253B30D700F2DE7C /* Project object */;
			proxyType = 1;
			remoteGlobalIDString = 4C8DF3F7253B30D700F2DE7C;
			remoteInfo = Memoiry;
		};
/* End PBXContainerItemProxy section */

/* Begin PBXFileReference section */
		4C4454CA254CBB2700AA5C87 /* GameCoreTests.swift */ = {isa = PBXFileReference; lastKnownFileType = sourcecode.swift; path = GameCoreTests.swift; sourceTree = "<group>"; };
		4C84849F2555F35900FBDEC2 /* ConfigurationCore.swift */ = {isa = PBXFileReference; lastKnownFileType = sourcecode.swift; path = ConfigurationCore.swift; sourceTree = "<group>"; };
		4C8484A42555F45A00FBDEC2 /* ConfigurationCoreTests.swift */ = {isa = PBXFileReference; lastKnownFileType = sourcecode.swift; path = ConfigurationCoreTests.swift; sourceTree = "<group>"; };
		4C8DF3F8253B30D700F2DE7C /* MemoArt.app */ = {isa = PBXFileReference; explicitFileType = wrapper.application; includeInIndex = 0; path = MemoArt.app; sourceTree = BUILT_PRODUCTS_DIR; };
		4C8DF3FB253B30D700F2DE7C /* MemoArtApp.swift */ = {isa = PBXFileReference; lastKnownFileType = sourcecode.swift; path = MemoArtApp.swift; sourceTree = "<group>"; };
		4C8DF3FD253B30D700F2DE7C /* ContentView.swift */ = {isa = PBXFileReference; lastKnownFileType = sourcecode.swift; path = ContentView.swift; sourceTree = "<group>"; };
		4C8DF3FF253B30DB00F2DE7C /* Assets.xcassets */ = {isa = PBXFileReference; lastKnownFileType = folder.assetcatalog; path = Assets.xcassets; sourceTree = "<group>"; };
		4C8DF402253B30DB00F2DE7C /* Preview Assets.xcassets */ = {isa = PBXFileReference; lastKnownFileType = folder.assetcatalog; path = "Preview Assets.xcassets"; sourceTree = "<group>"; };
		4C8DF404253B30DB00F2DE7C /* Info.plist */ = {isa = PBXFileReference; lastKnownFileType = text.plist.xml; path = Info.plist; sourceTree = "<group>"; };
		4C8DF409253B30DC00F2DE7C /* MemoArtTests.xctest */ = {isa = PBXFileReference; explicitFileType = wrapper.cfbundle; includeInIndex = 0; path = MemoArtTests.xctest; sourceTree = BUILT_PRODUCTS_DIR; };
		4C8DF40D253B30DC00F2DE7C /* AppCoreTests.swift */ = {isa = PBXFileReference; lastKnownFileType = sourcecode.swift; path = AppCoreTests.swift; sourceTree = "<group>"; };
		4C8DF40F253B30DC00F2DE7C /* Info.plist */ = {isa = PBXFileReference; lastKnownFileType = text.plist.xml; path = Info.plist; sourceTree = "<group>"; };
		4C8DF429253C520F00F2DE7C /* CardView.swift */ = {isa = PBXFileReference; lastKnownFileType = sourcecode.swift; path = CardView.swift; sourceTree = "<group>"; };
		4C8DF434253C5B0A00F2DE7C /* GameCore.swift */ = {isa = PBXFileReference; lastKnownFileType = sourcecode.swift; path = GameCore.swift; sourceTree = "<group>"; };
		4C8DF439253C5B2900F2DE7C /* AppCore.swift */ = {isa = PBXFileReference; lastKnownFileType = sourcecode.swift; path = AppCore.swift; sourceTree = "<group>"; };
		4C8DF43E253C5B9900F2DE7C /* Symbol.swift */ = {isa = PBXFileReference; lastKnownFileType = sourcecode.swift; path = Symbol.swift; sourceTree = "<group>"; };
		4CC92F4A25458A8600DAC4AB /* NewHighScoreView.swift */ = {isa = PBXFileReference; lastKnownFileType = sourcecode.swift; path = NewHighScoreView.swift; sourceTree = "<group>"; };
		4CC92F592545E5C600DAC4AB /* AddCardStyle.swift */ = {isa = PBXFileReference; lastKnownFileType = sourcecode.swift; path = AddCardStyle.swift; sourceTree = "<group>"; };
		4CC92F6D2548BB2300DAC4AB /* ReversedScrollView.swift */ = {isa = PBXFileReference; lastKnownFileType = sourcecode.swift; path = ReversedScrollView.swift; sourceTree = "<group>"; };
		4CD0E1EB2542A0B400A1E0FD /* HighScore.swift */ = {isa = PBXFileReference; lastKnownFileType = sourcecode.swift; path = HighScore.swift; sourceTree = "<group>"; };
		4CD0E1F02542A1D200A1E0FD /* HighScoresView.swift */ = {isa = PBXFileReference; lastKnownFileType = sourcecode.swift; path = HighScoresView.swift; sourceTree = "<group>"; };
		4CD0E1F52542A29900A1E0FD /* HighScoresCore.swift */ = {isa = PBXFileReference; lastKnownFileType = sourcecode.swift; path = HighScoresCore.swift; sourceTree = "<group>"; };
		4CD0E1FB2542A74D00A1E0FD /* HighScoresCoreTests.swift */ = {isa = PBXFileReference; lastKnownFileType = sourcecode.swift; path = HighScoresCoreTests.swift; sourceTree = "<group>"; };
/* End PBXFileReference section */

/* Begin PBXFrameworksBuildPhase section */
		4C8DF3F5253B30D700F2DE7C /* Frameworks */ = {
			isa = PBXFrameworksBuildPhase;
			buildActionMask = 2147483647;
			files = (
				4C8DF430253C59CA00F2DE7C /* ComposableArchitecture in Frameworks */,
				4C86574D2551FAB30040EA04 /* RenaudJennyAboutView in Frameworks */,
			);
			runOnlyForDeploymentPostprocessing = 0;
		};
		4C8DF406253B30DC00F2DE7C /* Frameworks */ = {
			isa = PBXFrameworksBuildPhase;
			buildActionMask = 2147483647;
			files = (
			);
			runOnlyForDeploymentPostprocessing = 0;
		};
/* End PBXFrameworksBuildPhase section */

/* Begin PBXGroup section */
		4C4454C9254CBA8200AA5C87 /* Game */ = {
			isa = PBXGroup;
			children = (
				4C4454CA254CBB2700AA5C87 /* GameCoreTests.swift */,
			);
			path = Game;
			sourceTree = "<group>";
		};
		4C4454D2254CBB6B00AA5C87 /* Game */ = {
			isa = PBXGroup;
			children = (
				4C8DF434253C5B0A00F2DE7C /* GameCore.swift */,
			);
			path = Game;
			sourceTree = "<group>";
		};
		4C84849E2555F34800FBDEC2 /* Configuration */ = {
			isa = PBXGroup;
			children = (
				4C84849F2555F35900FBDEC2 /* ConfigurationCore.swift */,
			);
			path = Configuration;
			sourceTree = "<group>";
		};
		4C8484A32555F3D700FBDEC2 /* Configuration */ = {
			isa = PBXGroup;
			children = (
				4C8484A42555F45A00FBDEC2 /* ConfigurationCoreTests.swift */,
			);
			path = Configuration;
			sourceTree = "<group>";
		};
		4C8DF3EF253B30D700F2DE7C = {
			isa = PBXGroup;
			children = (
				4C8DF3FA253B30D700F2DE7C /* MemoArt */,
				4C8DF40C253B30DC00F2DE7C /* MemoArtTests */,
				4C8DF3F9253B30D700F2DE7C /* Products */,
			);
			sourceTree = "<group>";
		};
		4C8DF3F9253B30D700F2DE7C /* Products */ = {
			isa = PBXGroup;
			children = (
				4C8DF3F8253B30D700F2DE7C /* MemoArt.app */,
				4C8DF409253B30DC00F2DE7C /* MemoArtTests.xctest */,
			);
			name = Products;
			sourceTree = "<group>";
		};
		4C8DF3FA253B30D700F2DE7C /* MemoArt */ = {
			isa = PBXGroup;
			children = (
				4C8DF439253C5B2900F2DE7C /* AppCore.swift */,
				4C8DF3FF253B30DB00F2DE7C /* Assets.xcassets */,
				4CC92F552545E54300DAC4AB /* Cards */,
				4CC92F6C2548BB0F00DAC4AB /* Common */,
				4C84849E2555F34800FBDEC2 /* Configuration */,
				4C8DF3FD253B30D700F2DE7C /* ContentView.swift */,
				4C4454D2254CBB6B00AA5C87 /* Game */,
				4CD0E1EA2542A09000A1E0FD /* HighScores */,
				4C8DF404253B30DB00F2DE7C /* Info.plist */,
				4C8DF3FB253B30D700F2DE7C /* MemoArtApp.swift */,
				4C8DF401253B30DB00F2DE7C /* Preview Content */,
			);
			path = MemoArt;
			sourceTree = "<group>";
		};
		4C8DF401253B30DB00F2DE7C /* Preview Content */ = {
			isa = PBXGroup;
			children = (
				4C8DF402253B30DB00F2DE7C /* Preview Assets.xcassets */,
			);
			path = "Preview Content";
			sourceTree = "<group>";
		};
		4C8DF40C253B30DC00F2DE7C /* MemoArtTests */ = {
			isa = PBXGroup;
			children = (
				4C8DF40D253B30DC00F2DE7C /* AppCoreTests.swift */,
				4C8484A32555F3D700FBDEC2 /* Configuration */,
				4C4454C9254CBA8200AA5C87 /* Game */,
				4CD0E1FA2542A72300A1E0FD /* HighScores */,
				4C8DF40F253B30DC00F2DE7C /* Info.plist */,
			);
			path = MemoArtTests;
			sourceTree = "<group>";
		};
		4CC92F552545E54300DAC4AB /* Cards */ = {
			isa = PBXGroup;
			children = (
				4C8DF43E253C5B9900F2DE7C /* Symbol.swift */,
				4C8DF429253C520F00F2DE7C /* CardView.swift */,
				4CC92F592545E5C600DAC4AB /* AddCardStyle.swift */,
			);
			path = Cards;
			sourceTree = "<group>";
		};
		4CC92F6C2548BB0F00DAC4AB /* Common */ = {
			isa = PBXGroup;
			children = (
				4CC92F6D2548BB2300DAC4AB /* ReversedScrollView.swift */,
			);
			path = Common;
			sourceTree = "<group>";
		};
		4CD0E1EA2542A09000A1E0FD /* HighScores */ = {
			isa = PBXGroup;
			children = (
				4CD0E1EB2542A0B400A1E0FD /* HighScore.swift */,
				4CD0E1F02542A1D200A1E0FD /* HighScoresView.swift */,
				4CD0E1F52542A29900A1E0FD /* HighScoresCore.swift */,
				4CC92F4A25458A8600DAC4AB /* NewHighScoreView.swift */,
			);
			path = HighScores;
			sourceTree = "<group>";
		};
		4CD0E1FA2542A72300A1E0FD /* HighScores */ = {
			isa = PBXGroup;
			children = (
				4CD0E1FB2542A74D00A1E0FD /* HighScoresCoreTests.swift */,
			);
			path = HighScores;
			sourceTree = "<group>";
		};
/* End PBXGroup section */

/* Begin PBXNativeTarget section */
		4C8DF3F7253B30D700F2DE7C /* MemoArt */ = {
			isa = PBXNativeTarget;
			buildConfigurationList = 4C8DF41D253B30DC00F2DE7C /* Build configuration list for PBXNativeTarget "MemoArt" */;
			buildPhases = (
				4C8DF3F4253B30D700F2DE7C /* Sources */,
				4C8DF3F5253B30D700F2DE7C /* Frameworks */,
				4C8DF3F6253B30D700F2DE7C /* Resources */,
				4C865719254EFE440040EA04 /* ShellScript */,
			);
			buildRules = (
			);
			dependencies = (
			);
			name = MemoArt;
			packageProductDependencies = (
				4C8DF42F253C59CA00F2DE7C /* ComposableArchitecture */,
				4C86574C2551FAB30040EA04 /* RenaudJennyAboutView */,
			);
			productName = Memoiry;
			productReference = 4C8DF3F8253B30D700F2DE7C /* MemoArt.app */;
			productType = "com.apple.product-type.application";
		};
		4C8DF408253B30DC00F2DE7C /* MemoArtTests */ = {
			isa = PBXNativeTarget;
			buildConfigurationList = 4C8DF420253B30DC00F2DE7C /* Build configuration list for PBXNativeTarget "MemoArtTests" */;
			buildPhases = (
				4C8DF405253B30DC00F2DE7C /* Sources */,
				4C8DF406253B30DC00F2DE7C /* Frameworks */,
				4C8DF407253B30DC00F2DE7C /* Resources */,
			);
			buildRules = (
			);
			dependencies = (
				4C8DF40B253B30DC00F2DE7C /* PBXTargetDependency */,
			);
			name = MemoArtTests;
			productName = MemoiryTests;
			productReference = 4C8DF409253B30DC00F2DE7C /* MemoArtTests.xctest */;
			productType = "com.apple.product-type.bundle.unit-test";
		};
/* End PBXNativeTarget section */

/* Begin PBXProject section */
		4C8DF3F0253B30D700F2DE7C /* Project object */ = {
			isa = PBXProject;
			attributes = {
				LastSwiftUpdateCheck = 1200;
				LastUpgradeCheck = 1200;
				TargetAttributes = {
					4C8DF3F7253B30D700F2DE7C = {
						CreatedOnToolsVersion = 12.0.1;
					};
					4C8DF408253B30DC00F2DE7C = {
						CreatedOnToolsVersion = 12.0.1;
						TestTargetID = 4C8DF3F7253B30D700F2DE7C;
					};
				};
			};
			buildConfigurationList = 4C8DF3F3253B30D700F2DE7C /* Build configuration list for PBXProject "MemoArt" */;
			compatibilityVersion = "Xcode 9.3";
			developmentRegion = en;
			hasScannedForEncodings = 0;
			knownRegions = (
				en,
				Base,
			);
			mainGroup = 4C8DF3EF253B30D700F2DE7C;
			packageReferences = (
				4C8DF42E253C59CA00F2DE7C /* XCRemoteSwiftPackageReference "swift-composable-architecture" */,
				4C86574B2551FAB30040EA04 /* XCRemoteSwiftPackageReference "RenaudJennyAboutView" */,
			);
			productRefGroup = 4C8DF3F9253B30D700F2DE7C /* Products */;
			projectDirPath = "";
			projectRoot = "";
			targets = (
				4C8DF3F7253B30D700F2DE7C /* MemoArt */,
				4C8DF408253B30DC00F2DE7C /* MemoArtTests */,
			);
		};
/* End PBXProject section */

/* Begin PBXResourcesBuildPhase section */
		4C8DF3F6253B30D700F2DE7C /* Resources */ = {
			isa = PBXResourcesBuildPhase;
			buildActionMask = 2147483647;
			files = (
				4C8DF403253B30DB00F2DE7C /* Preview Assets.xcassets in Resources */,
				4C8DF400253B30DB00F2DE7C /* Assets.xcassets in Resources */,
			);
			runOnlyForDeploymentPostprocessing = 0;
		};
		4C8DF407253B30DC00F2DE7C /* Resources */ = {
			isa = PBXResourcesBuildPhase;
			buildActionMask = 2147483647;
			files = (
			);
			runOnlyForDeploymentPostprocessing = 0;
		};
/* End PBXResourcesBuildPhase section */

/* Begin PBXShellScriptBuildPhase section */
		4C865719254EFE440040EA04 /* ShellScript */ = {
			isa = PBXShellScriptBuildPhase;
			buildActionMask = 2147483647;
			files = (
			);
			inputFileListPaths = (
			);
			inputPaths = (
			);
			outputFileListPaths = (
			);
			outputPaths = (
			);
			runOnlyForDeploymentPostprocessing = 0;
			shellPath = /bin/sh;
			shellScript = "if which swiftlint >/dev/null; then\n  swiftlint\nelse\n  echo \"warning: SwiftLint not installed, download from https://github.com/realm/SwiftLint\"\nfi\n";
		};
/* End PBXShellScriptBuildPhase section */

/* Begin PBXSourcesBuildPhase section */
		4C8DF3F4253B30D700F2DE7C /* Sources */ = {
			isa = PBXSourcesBuildPhase;
			buildActionMask = 2147483647;
			files = (
				4C8484A02555F35900FBDEC2 /* ConfigurationCore.swift in Sources */,
				4CD0E1F62542A29900A1E0FD /* HighScoresCore.swift in Sources */,
				4C8DF435253C5B0A00F2DE7C /* GameCore.swift in Sources */,
				4CD0E1F12542A1D200A1E0FD /* HighScoresView.swift in Sources */,
				4CD0E1EC2542A0B500A1E0FD /* HighScore.swift in Sources */,
				4C8DF3FE253B30D700F2DE7C /* ContentView.swift in Sources */,
				4C8DF42A253C520F00F2DE7C /* CardView.swift in Sources */,
				4C8DF3FC253B30D700F2DE7C /* MemoArtApp.swift in Sources */,
				4C8DF43A253C5B2900F2DE7C /* AppCore.swift in Sources */,
				4CC92F4B25458A8600DAC4AB /* NewHighScoreView.swift in Sources */,
				4CC92F6E2548BB2300DAC4AB /* ReversedScrollView.swift in Sources */,
				4C8DF43F253C5B9900F2DE7C /* Symbol.swift in Sources */,
				4CC92F5A2545E5C600DAC4AB /* AddCardStyle.swift in Sources */,
			);
			runOnlyForDeploymentPostprocessing = 0;
		};
		4C8DF405253B30DC00F2DE7C /* Sources */ = {
			isa = PBXSourcesBuildPhase;
			buildActionMask = 2147483647;
			files = (
				4C4454CB254CBB2700AA5C87 /* GameCoreTests.swift in Sources */,
				4CD0E1FC2542A74D00A1E0FD /* HighScoresCoreTests.swift in Sources */,
				4C8DF40E253B30DC00F2DE7C /* AppCoreTests.swift in Sources */,
				4C8484A52555F45A00FBDEC2 /* ConfigurationCoreTests.swift in Sources */,
			);
			runOnlyForDeploymentPostprocessing = 0;
		};
/* End PBXSourcesBuildPhase section */

/* Begin PBXTargetDependency section */
		4C8DF40B253B30DC00F2DE7C /* PBXTargetDependency */ = {
			isa = PBXTargetDependency;
			target = 4C8DF3F7253B30D700F2DE7C /* MemoArt */;
			targetProxy = 4C8DF40A253B30DC00F2DE7C /* PBXContainerItemProxy */;
		};
/* End PBXTargetDependency section */

/* Begin XCBuildConfiguration section */
		4C8DF41B253B30DC00F2DE7C /* Debug */ = {
			isa = XCBuildConfiguration;
			buildSettings = {
				ALWAYS_SEARCH_USER_PATHS = NO;
				CLANG_ANALYZER_NONNULL = YES;
				CLANG_ANALYZER_NUMBER_OBJECT_CONVERSION = YES_AGGRESSIVE;
				CLANG_CXX_LANGUAGE_STANDARD = "gnu++14";
				CLANG_CXX_LIBRARY = "libc++";
				CLANG_ENABLE_MODULES = YES;
				CLANG_ENABLE_OBJC_ARC = YES;
				CLANG_ENABLE_OBJC_WEAK = YES;
				CLANG_WARN_BLOCK_CAPTURE_AUTORELEASING = YES;
				CLANG_WARN_BOOL_CONVERSION = YES;
				CLANG_WARN_COMMA = YES;
				CLANG_WARN_CONSTANT_CONVERSION = YES;
				CLANG_WARN_DEPRECATED_OBJC_IMPLEMENTATIONS = YES;
				CLANG_WARN_DIRECT_OBJC_ISA_USAGE = YES_ERROR;
				CLANG_WARN_DOCUMENTATION_COMMENTS = YES;
				CLANG_WARN_EMPTY_BODY = YES;
				CLANG_WARN_ENUM_CONVERSION = YES;
				CLANG_WARN_INFINITE_RECURSION = YES;
				CLANG_WARN_INT_CONVERSION = YES;
				CLANG_WARN_NON_LITERAL_NULL_CONVERSION = YES;
				CLANG_WARN_OBJC_IMPLICIT_RETAIN_SELF = YES;
				CLANG_WARN_OBJC_LITERAL_CONVERSION = YES;
				CLANG_WARN_OBJC_ROOT_CLASS = YES_ERROR;
				CLANG_WARN_QUOTED_INCLUDE_IN_FRAMEWORK_HEADER = YES;
				CLANG_WARN_RANGE_LOOP_ANALYSIS = YES;
				CLANG_WARN_STRICT_PROTOTYPES = YES;
				CLANG_WARN_SUSPICIOUS_MOVE = YES;
				CLANG_WARN_UNGUARDED_AVAILABILITY = YES_AGGRESSIVE;
				CLANG_WARN_UNREACHABLE_CODE = YES;
				CLANG_WARN__DUPLICATE_METHOD_MATCH = YES;
				COPY_PHASE_STRIP = NO;
				DEBUG_INFORMATION_FORMAT = dwarf;
				ENABLE_STRICT_OBJC_MSGSEND = YES;
				ENABLE_TESTABILITY = YES;
				GCC_C_LANGUAGE_STANDARD = gnu11;
				GCC_DYNAMIC_NO_PIC = NO;
				GCC_NO_COMMON_BLOCKS = YES;
				GCC_OPTIMIZATION_LEVEL = 0;
				GCC_PREPROCESSOR_DEFINITIONS = (
					"DEBUG=1",
					"$(inherited)",
				);
				GCC_WARN_64_TO_32_BIT_CONVERSION = YES;
				GCC_WARN_ABOUT_RETURN_TYPE = YES_ERROR;
				GCC_WARN_UNDECLARED_SELECTOR = YES;
				GCC_WARN_UNINITIALIZED_AUTOS = YES_AGGRESSIVE;
				GCC_WARN_UNUSED_FUNCTION = YES;
				GCC_WARN_UNUSED_VARIABLE = YES;
				IPHONEOS_DEPLOYMENT_TARGET = 14.0;
				MTL_ENABLE_DEBUG_INFO = INCLUDE_SOURCE;
				MTL_FAST_MATH = YES;
				ONLY_ACTIVE_ARCH = YES;
				SDKROOT = iphoneos;
				SWIFT_ACTIVE_COMPILATION_CONDITIONS = DEBUG;
				SWIFT_OPTIMIZATION_LEVEL = "-Onone";
			};
			name = Debug;
		};
		4C8DF41C253B30DC00F2DE7C /* Release */ = {
			isa = XCBuildConfiguration;
			buildSettings = {
				ALWAYS_SEARCH_USER_PATHS = NO;
				CLANG_ANALYZER_NONNULL = YES;
				CLANG_ANALYZER_NUMBER_OBJECT_CONVERSION = YES_AGGRESSIVE;
				CLANG_CXX_LANGUAGE_STANDARD = "gnu++14";
				CLANG_CXX_LIBRARY = "libc++";
				CLANG_ENABLE_MODULES = YES;
				CLANG_ENABLE_OBJC_ARC = YES;
				CLANG_ENABLE_OBJC_WEAK = YES;
				CLANG_WARN_BLOCK_CAPTURE_AUTORELEASING = YES;
				CLANG_WARN_BOOL_CONVERSION = YES;
				CLANG_WARN_COMMA = YES;
				CLANG_WARN_CONSTANT_CONVERSION = YES;
				CLANG_WARN_DEPRECATED_OBJC_IMPLEMENTATIONS = YES;
				CLANG_WARN_DIRECT_OBJC_ISA_USAGE = YES_ERROR;
				CLANG_WARN_DOCUMENTATION_COMMENTS = YES;
				CLANG_WARN_EMPTY_BODY = YES;
				CLANG_WARN_ENUM_CONVERSION = YES;
				CLANG_WARN_INFINITE_RECURSION = YES;
				CLANG_WARN_INT_CONVERSION = YES;
				CLANG_WARN_NON_LITERAL_NULL_CONVERSION = YES;
				CLANG_WARN_OBJC_IMPLICIT_RETAIN_SELF = YES;
				CLANG_WARN_OBJC_LITERAL_CONVERSION = YES;
				CLANG_WARN_OBJC_ROOT_CLASS = YES_ERROR;
				CLANG_WARN_QUOTED_INCLUDE_IN_FRAMEWORK_HEADER = YES;
				CLANG_WARN_RANGE_LOOP_ANALYSIS = YES;
				CLANG_WARN_STRICT_PROTOTYPES = YES;
				CLANG_WARN_SUSPICIOUS_MOVE = YES;
				CLANG_WARN_UNGUARDED_AVAILABILITY = YES_AGGRESSIVE;
				CLANG_WARN_UNREACHABLE_CODE = YES;
				CLANG_WARN__DUPLICATE_METHOD_MATCH = YES;
				COPY_PHASE_STRIP = NO;
				DEBUG_INFORMATION_FORMAT = "dwarf-with-dsym";
				ENABLE_NS_ASSERTIONS = NO;
				ENABLE_STRICT_OBJC_MSGSEND = YES;
				GCC_C_LANGUAGE_STANDARD = gnu11;
				GCC_NO_COMMON_BLOCKS = YES;
				GCC_WARN_64_TO_32_BIT_CONVERSION = YES;
				GCC_WARN_ABOUT_RETURN_TYPE = YES_ERROR;
				GCC_WARN_UNDECLARED_SELECTOR = YES;
				GCC_WARN_UNINITIALIZED_AUTOS = YES_AGGRESSIVE;
				GCC_WARN_UNUSED_FUNCTION = YES;
				GCC_WARN_UNUSED_VARIABLE = YES;
				IPHONEOS_DEPLOYMENT_TARGET = 14.0;
				MTL_ENABLE_DEBUG_INFO = NO;
				MTL_FAST_MATH = YES;
				SDKROOT = iphoneos;
				SWIFT_COMPILATION_MODE = wholemodule;
				SWIFT_OPTIMIZATION_LEVEL = "-O";
				VALIDATE_PRODUCT = YES;
			};
			name = Release;
		};
		4C8DF41E253B30DC00F2DE7C /* Debug */ = {
			isa = XCBuildConfiguration;
			buildSettings = {
				ASSETCATALOG_COMPILER_APPICON_NAME = AppIcon;
				ASSETCATALOG_COMPILER_GLOBAL_ACCENT_COLOR_NAME = AccentColor;
				CODE_SIGN_STYLE = Automatic;
				DEVELOPMENT_ASSET_PATHS = "\"MemoArt/Preview Content\"";
				DEVELOPMENT_TEAM = MBQ98GC8JT;
				ENABLE_PREVIEWS = YES;
				INFOPLIST_FILE = MemoArt/Info.plist;
				IPHONEOS_DEPLOYMENT_TARGET = 14.0;
				LD_RUNPATH_SEARCH_PATHS = (
					"$(inherited)",
					"@executable_path/Frameworks",
				);
				MARKETING_VERSION = 1.3.0;
				PRODUCT_BUNDLE_IDENTIFIER = renaud.jenny.Memoiry;
				PRODUCT_NAME = "$(TARGET_NAME)";
				SWIFT_VERSION = 5.0;
				TARGETED_DEVICE_FAMILY = "1,2";
			};
			name = Debug;
		};
		4C8DF41F253B30DC00F2DE7C /* Release */ = {
			isa = XCBuildConfiguration;
			buildSettings = {
				ASSETCATALOG_COMPILER_APPICON_NAME = AppIcon;
				ASSETCATALOG_COMPILER_GLOBAL_ACCENT_COLOR_NAME = AccentColor;
				CODE_SIGN_STYLE = Automatic;
				DEVELOPMENT_ASSET_PATHS = "\"MemoArt/Preview Content\"";
				DEVELOPMENT_TEAM = MBQ98GC8JT;
				ENABLE_PREVIEWS = YES;
				INFOPLIST_FILE = MemoArt/Info.plist;
				IPHONEOS_DEPLOYMENT_TARGET = 14.0;
				LD_RUNPATH_SEARCH_PATHS = (
					"$(inherited)",
					"@executable_path/Frameworks",
				);
				MARKETING_VERSION = 1.3.0;
				PRODUCT_BUNDLE_IDENTIFIER = renaud.jenny.Memoiry;
				PRODUCT_NAME = "$(TARGET_NAME)";
				SWIFT_VERSION = 5.0;
				TARGETED_DEVICE_FAMILY = "1,2";
			};
			name = Release;
		};
		4C8DF421253B30DC00F2DE7C /* Debug */ = {
			isa = XCBuildConfiguration;
			buildSettings = {
				ALWAYS_EMBED_SWIFT_STANDARD_LIBRARIES = YES;
				BUNDLE_LOADER = "$(TEST_HOST)";
				CODE_SIGN_STYLE = Automatic;
				DEVELOPMENT_TEAM = MBQ98GC8JT;
				INFOPLIST_FILE = MemoArtTests/Info.plist;
				IPHONEOS_DEPLOYMENT_TARGET = 14.0;
				LD_RUNPATH_SEARCH_PATHS = (
					"$(inherited)",
					"@executable_path/Frameworks",
					"@loader_path/Frameworks",
				);
				PRODUCT_BUNDLE_IDENTIFIER = renaud.jenny.MemoiryTests;
				PRODUCT_NAME = "$(TARGET_NAME)";
				SWIFT_VERSION = 5.0;
				TARGETED_DEVICE_FAMILY = "1,2";
				TEST_HOST = "$(BUILT_PRODUCTS_DIR)/MemoArt.app/MemoArt";
			};
			name = Debug;
		};
		4C8DF422253B30DC00F2DE7C /* Release */ = {
			isa = XCBuildConfiguration;
			buildSettings = {
				ALWAYS_EMBED_SWIFT_STANDARD_LIBRARIES = YES;
				BUNDLE_LOADER = "$(TEST_HOST)";
				CODE_SIGN_STYLE = Automatic;
				DEVELOPMENT_TEAM = MBQ98GC8JT;
				INFOPLIST_FILE = MemoArtTests/Info.plist;
				IPHONEOS_DEPLOYMENT_TARGET = 14.0;
				LD_RUNPATH_SEARCH_PATHS = (
					"$(inherited)",
					"@executable_path/Frameworks",
					"@loader_path/Frameworks",
				);
				PRODUCT_BUNDLE_IDENTIFIER = renaud.jenny.MemoiryTests;
				PRODUCT_NAME = "$(TARGET_NAME)";
				SWIFT_VERSION = 5.0;
				TARGETED_DEVICE_FAMILY = "1,2";
				TEST_HOST = "$(BUILT_PRODUCTS_DIR)/MemoArt.app/MemoArt";
			};
			name = Release;
		};
/* End XCBuildConfiguration section */

/* Begin XCConfigurationList section */
		4C8DF3F3253B30D700F2DE7C /* Build configuration list for PBXProject "MemoArt" */ = {
			isa = XCConfigurationList;
			buildConfigurations = (
				4C8DF41B253B30DC00F2DE7C /* Debug */,
				4C8DF41C253B30DC00F2DE7C /* Release */,
			);
			defaultConfigurationIsVisible = 0;
			defaultConfigurationName = Release;
		};
		4C8DF41D253B30DC00F2DE7C /* Build configuration list for PBXNativeTarget "MemoArt" */ = {
			isa = XCConfigurationList;
			buildConfigurations = (
				4C8DF41E253B30DC00F2DE7C /* Debug */,
				4C8DF41F253B30DC00F2DE7C /* Release */,
			);
			defaultConfigurationIsVisible = 0;
			defaultConfigurationName = Release;
		};
		4C8DF420253B30DC00F2DE7C /* Build configuration list for PBXNativeTarget "MemoArtTests" */ = {
			isa = XCConfigurationList;
			buildConfigurations = (
				4C8DF421253B30DC00F2DE7C /* Debug */,
				4C8DF422253B30DC00F2DE7C /* Release */,
			);
			defaultConfigurationIsVisible = 0;
			defaultConfigurationName = Release;
		};
/* End XCConfigurationList section */

/* Begin XCRemoteSwiftPackageReference section */
		4C86574B2551FAB30040EA04 /* XCRemoteSwiftPackageReference "RenaudJennyAboutView" */ = {
			isa = XCRemoteSwiftPackageReference;
			repositoryURL = "https://github.com/renaudjenny/RenaudJennyAboutView";
			requirement = {
				kind = upToNextMajorVersion;
				minimumVersion = 1.0.0;
			};
		};
		4C8DF42E253C59CA00F2DE7C /* XCRemoteSwiftPackageReference "swift-composable-architecture" */ = {
			isa = XCRemoteSwiftPackageReference;
			repositoryURL = "https://github.com/pointfreeco/swift-composable-architecture";
			requirement = {
				kind = upToNextMajorVersion;
				minimumVersion = 0.8.0;
			};
		};
/* End XCRemoteSwiftPackageReference section */

/* Begin XCSwiftPackageProductDependency section */
		4C86574C2551FAB30040EA04 /* RenaudJennyAboutView */ = {
			isa = XCSwiftPackageProductDependency;
			package = 4C86574B2551FAB30040EA04 /* XCRemoteSwiftPackageReference "RenaudJennyAboutView" */;
			productName = RenaudJennyAboutView;
		};
		4C8DF42F253C59CA00F2DE7C /* ComposableArchitecture */ = {
			isa = XCSwiftPackageProductDependency;
			package = 4C8DF42E253C59CA00F2DE7C /* XCRemoteSwiftPackageReference "swift-composable-architecture" */;
			productName = ComposableArchitecture;
		};
/* End XCSwiftPackageProductDependency section */
	};
	rootObject = 4C8DF3F0253B30D700F2DE7C /* Project object */;
}
