{
  "object": {
    "pins": [
      {
        "package": "MarketingScreenshots",
        "repositoryURL": "https://github.com/renaudjenny/MarketingScreenshots",
        "state": {
          "branch": null,
          "revision": "b18991063ef09741be7d02f7fb08d1418c9af208",
          "version": "0.0.6"
        }
      },
      {
        "package": "XCResultKit",
        "repositoryURL": "https://github.com/davidahouse/XCResultKit",
        "state": {
          "branch": null,
          "revision": "49eec74ea00687dccb55903c717905b822923172",
          "version": "0.9.2"
        }
      },
      {
        "package": "XMLCoder",
        "repositoryURL": "https://github.com/MaxDesiatov/XMLCoder.git",
        "state": {
          "branch": null,
          "revision": "887de88b37b2d691d67db950770e09776229cf6d",
          "version": "0.13.0"
        }
      }
    ]
  },
  "version": 1
}
